{
  "version": 4,
  "terraform_version": "1.11.4",
  "serial": 93,
  "lineage": "f789bf8f-71d7-3274-9535-cf36e9408e7f",
  "outputs": {
    "rds_endpoint": {
      "value": "ranking-municipios-db.chy482imol7a.us-east-2.rds.amazonaws.com:5432",
      "type": "string"
    }
  },
  "resources": [
    {
      "mode": "managed",
      "type": "aws_athena_workgroup",
      "name": "default",
      "provider": "provider[\"registry.terraform.io/hashicorp/aws\"]",
      "instances": [
        {
          "schema_version": 0,
          "attributes": {
            "arn": "arn:aws:athena:us-east-2:772056227406:workgroup/bronze_workgroup",
            "configuration": [
              {
                "bytes_scanned_cutoff_per_query": 0,
                "enforce_workgroup_configuration": true,
                "engine_version": [
                  {
                    "effective_engine_version": "Athena engine version 3",
                    "selected_engine_version": "AUTO"
                  }
                ],
                "execution_role": "",
                "publish_cloudwatch_metrics_enabled": true,
                "requester_pays_enabled": false,
                "result_configuration": [
                  {
                    "acl_configuration": [],
                    "encryption_configuration": [],
                    "expected_bucket_owner": "",
                    "output_location": "s3://ranking-municipios-br/athena-results/"
                  }
                ]
              }
            ],
            "description": "",
            "force_destroy": false,
            "id": "bronze_workgroup",
            "name": "bronze_workgroup",
            "state": "ENABLED",
            "tags": {},
            "tags_all": {}
          },
          "sensitive_attributes": [],
          "private": "bnVsbA=="
        }
      ]
    },
    {
      "mode": "managed",
      "type": "aws_db_instance",
      "name": "postgres_instance",
      "provider": "provider[\"registry.terraform.io/hashicorp/aws\"]",
      "instances": [
        {
          "schema_version": 2,
          "attributes": {
            "address": "ranking-municipios-db.chy482imol7a.us-east-2.rds.amazonaws.com",
            "allocated_storage": 20,
            "allow_major_version_upgrade": null,
            "apply_immediately": false,
            "arn": "arn:aws:rds:us-east-2:772056227406:db:ranking-municipios-db",
            "auto_minor_version_upgrade": true,
            "availability_zone": "us-east-2b",
            "backup_retention_period": 0,
            "backup_target": "region",
            "backup_window": "08:48-09:18",
            "blue_green_update": [],
            "ca_cert_identifier": "rds-ca-rsa2048-g1",
            "character_set_name": "",
            "copy_tags_to_snapshot": false,
            "custom_iam_instance_profile": "",
            "customer_owned_ip_enabled": false,
            "database_insights_mode": "standard",
            "db_name": "db_datamaster",
            "db_subnet_group_name": "default",
            "dedicated_log_volume": false,
            "delete_automated_backups": true,
            "deletion_protection": false,
            "domain": "",
            "domain_auth_secret_arn": "",
            "domain_dns_ips": null,
            "domain_fqdn": "",
            "domain_iam_role_name": "",
            "domain_ou": "",
            "enabled_cloudwatch_logs_exports": null,
            "endpoint": "ranking-municipios-db.chy482imol7a.us-east-2.rds.amazonaws.com:5432",
            "engine": "postgres",
            "engine_lifecycle_support": "open-source-rds-extended-support",
            "engine_version": "15.12",
            "engine_version_actual": "15.12",
            "final_snapshot_identifier": null,
            "hosted_zone_id": "Z2XHWR1WZ565X2",
            "iam_database_authentication_enabled": false,
            "id": "db-6LXACFZPTV2GEUODJI3SDYQPIE",
            "identifier": "ranking-municipios-db",
            "identifier_prefix": "",
            "instance_class": "db.t3.micro",
            "iops": 0,
            "kms_key_id": "",
            "latest_restorable_time": "",
            "license_model": "postgresql-license",
            "listener_endpoint": [],
            "maintenance_window": "tue:05:22-tue:05:52",
            "manage_master_user_password": null,
            "master_user_secret": [],
            "master_user_secret_kms_key_id": null,
            "max_allocated_storage": 0,
            "monitoring_interval": 0,
            "monitoring_role_arn": "",
            "multi_az": false,
            "nchar_character_set_name": "",
            "network_type": "IPV4",
            "option_group_name": "default:postgres-15",
            "parameter_group_name": "default.postgres15",
            "password": "Data1889",
            "password_wo": null,
            "password_wo_version": null,
            "performance_insights_enabled": false,
            "performance_insights_kms_key_id": "",
            "performance_insights_retention_period": 0,
            "port": 5432,
            "publicly_accessible": true,
            "replica_mode": "",
            "replicas": [],
            "replicate_source_db": "",
            "resource_id": "db-6LXACFZPTV2GEUODJI3SDYQPIE",
            "restore_to_point_in_time": [],
            "s3_import": [],
            "skip_final_snapshot": true,
            "snapshot_identifier": null,
            "status": "available",
            "storage_encrypted": false,
            "storage_throughput": 0,
            "storage_type": "gp2",
            "tags": null,
            "tags_all": {},
            "timeouts": null,
            "timezone": "",
            "upgrade_storage_config": null,
            "username": "postgres",
            "vpc_security_group_ids": [
              "sg-05961e9d1c0909896"
            ]
          },
          "sensitive_attributes": [
            [
              {
                "type": "get_attr",
                "value": "password_wo"
              }
            ],
            [
              {
                "type": "get_attr",
                "value": "password"
              }
            ]
          ],
          "private": "eyJlMmJmYjczMC1lY2FhLTExZTYtOGY4OC0zNDM2M2JjN2M0YzAiOnsiY3JlYXRlIjozMDAwMDAwMDAwMDAwLCJkZWxldGUiOjM2MDAwMDAwMDAwMDAsInVwZGF0ZSI6NDgwMDAwMDAwMDAwMH0sInNjaGVtYV92ZXJzaW9uIjoiMiJ9"
        }
      ]
    },
    {
      "mode": "managed",
      "type": "aws_glue_catalog_database",
      "name": "bronze_db",
      "provider": "provider[\"registry.terraform.io/hashicorp/aws\"]",
      "instances": [
        {
          "schema_version": 0,
          "attributes": {
            "arn": "arn:aws:glue:us-east-2:772056227406:database/bronze",
            "catalog_id": "772056227406",
            "create_table_default_permission": [
              {
                "permissions": [
                  "ALL"
                ],
                "principal": [
                  {
                    "data_lake_principal_identifier": "IAM_ALLOWED_PRINCIPALS"
                  }
                ]
              }
            ],
            "description": "Banco de dados do Glue para camada Bronze",
            "federated_database": [],
            "id": "772056227406:bronze",
            "location_uri": "",
            "name": "bronze",
            "parameters": null,
            "tags": null,
            "tags_all": {},
            "target_database": []
          },
          "sensitive_attributes": [],
          "private": "bnVsbA=="
        }
      ]
    },
    {
      "mode": "managed",
      "type": "aws_glue_catalog_table",
      "name": "aluguel_medio",
      "provider": "provider[\"registry.terraform.io/hashicorp/aws\"]",
      "instances": [
        {
          "schema_version": 0,
          "attributes": {
            "arn": "arn:aws:glue:us-east-2:772056227406:table/bronze/aluguel_medio",
            "catalog_id": "772056227406",
            "database_name": "bronze",
            "description": "",
            "id": "772056227406:bronze:aluguel_medio",
            "name": "aluguel_medio",
            "open_table_format_input": [],
            "owner": "",
            "parameters": {
              "classification": "parquet",
              "has_encrypted_data": "false"
            },
            "partition_index": null,
            "partition_keys": [
              {
                "comment": "",
                "name": "ano",
                "type": "int"
              },
              {
                "comment": "",
                "name": "mes",
                "type": "int"
              }
            ],
            "retention": 0,
            "storage_descriptor": [
              {
                "additional_locations": null,
                "bucket_columns": null,
                "columns": [
                  {
                    "comment": "",
                    "name": "city",
                    "parameters": null,
                    "type": "string"
                  },
                  {
                    "comment": "",
                    "name": "aluguel",
                    "parameters": null,
                    "type": "float"
                  },
                  {
                    "comment": "",
                    "name": "data_carga",
                    "parameters": null,
                    "type": "timestamp"
                  }
                ],
                "compressed": false,
                "input_format": "org.apache.hadoop.hive.ql.io.parquet.MapredParquetInputFormat",
                "location": "s3://ranking-municipios-br/bronze/aluguel_medio/",
                "number_of_buckets": 0,
                "output_format": "org.apache.hadoop.hive.ql.io.parquet.MapredParquetOutputFormat",
                "parameters": null,
                "schema_reference": [],
                "ser_de_info": [
                  {
                    "name": "parquet",
                    "parameters": null,
                    "serialization_library": "org.apache.hadoop.hive.ql.io.parquet.serde.ParquetHiveSerDe"
                  }
                ],
                "skewed_info": [],
                "sort_columns": [],
                "stored_as_sub_directories": false
              }
            ],
            "table_type": "EXTERNAL_TABLE",
            "target_table": [],
            "view_expanded_text": "",
            "view_original_text": ""
          },
          "sensitive_attributes": [],
          "private": "bnVsbA==",
          "dependencies": [
            "aws_glue_catalog_database.bronze_db"
          ]
        }
      ]
    },
    {
      "mode": "managed",
      "type": "aws_glue_catalog_table",
      "name": "cesta_basica",
      "provider": "provider[\"registry.terraform.io/hashicorp/aws\"]",
      "instances": [
        {
          "schema_version": 0,
          "attributes": {
            "arn": "arn:aws:glue:us-east-2:772056227406:table/bronze/cesta_basica",
            "catalog_id": "772056227406",
            "database_name": "bronze",
            "description": "",
            "id": "772056227406:bronze:cesta_basica",
            "name": "cesta_basica",
            "open_table_format_input": [],
            "owner": "",
            "parameters": {
              "classification": "parquet",
              "has_encrypted_data": "false"
            },
            "partition_index": null,
            "partition_keys": [
              {
                "comment": "",
                "name": "ano",
                "type": "int"
              },
              {
                "comment": "",
                "name": "mes",
                "type": "int"
              }
            ],
            "retention": 0,
            "storage_descriptor": [
              {
                "additional_locations": null,
                "bucket_columns": null,
                "columns": [
                  {
                    "comment": "",
                    "name": "data_mes",
                    "parameters": null,
                    "type": "timestamp"
                  },
                  {
                    "comment": "",
                    "name": "cidade",
                    "parameters": null,
                    "type": "string"
                  },
                  {
                    "comment": "",
                    "name": "valor",
                    "parameters": null,
                    "type": "float"
                  },
                  {
                    "comment": "",
                    "name": "data_carga",
                    "parameters": null,
                    "type": "timestamp"
                  }
                ],
                "compressed": false,
                "input_format": "org.apache.hadoop.hive.ql.io.parquet.MapredParquetInputFormat",
                "location": "s3://ranking-municipios-br/bronze/dieese/cesta_basica/",
                "number_of_buckets": 0,
                "output_format": "org.apache.hadoop.hive.ql.io.parquet.MapredParquetOutputFormat",
                "parameters": null,
                "schema_reference": [],
                "ser_de_info": [
                  {
                    "name": "parquet",
                    "parameters": null,
                    "serialization_library": "org.apache.hadoop.hive.ql.io.parquet.serde.ParquetHiveSerDe"
                  }
                ],
                "skewed_info": [],
                "sort_columns": [],
                "stored_as_sub_directories": false
              }
            ],
            "table_type": "EXTERNAL_TABLE",
            "target_table": [],
            "view_expanded_text": "",
            "view_original_text": ""
          },
          "sensitive_attributes": [],
          "private": "bnVsbA==",
          "dependencies": [
            "aws_glue_catalog_database.bronze_db"
          ]
        }
      ]
    },
    {
      "mode": "managed",
      "type": "aws_glue_catalog_table",
      "name": "populacao_estimada",
      "provider": "provider[\"registry.terraform.io/hashicorp/aws\"]",
      "instances": [
        {
          "schema_version": 0,
          "attributes": {
            "arn": "arn:aws:glue:us-east-2:772056227406:table/bronze/populacao_estimada",
            "catalog_id": "772056227406",
            "database_name": "bronze",
            "description": "",
            "id": "772056227406:bronze:populacao_estimada",
            "name": "populacao_estimada",
            "open_table_format_input": [],
            "owner": "",
            "parameters": {
              "classification": "parquet",
              "has_encrypted_data": "false"
            },
            "partition_index": null,
            "partition_keys": [
              {
                "comment": "",
                "name": "ano",
                "type": "int"
              },
              {
                "comment": "",
                "name": "mes",
                "type": "int"
              },
              {
                "comment": "",
                "name": "dia",
                "type": "int"
              }
            ],
            "retention": 0,
            "storage_descriptor": [
              {
                "additional_locations": null,
                "bucket_columns": null,
                "columns": [
                  {
                    "comment": "",
                    "name": "unidade_federativa",
                    "parameters": null,
                    "type": "string"
                  },
                  {
                    "comment": "",
                    "name": "populacao",
                    "parameters": null,
                    "type": "int"
                  },
                  {
                    "comment": "",
                    "name": "data_carga",
                    "parameters": null,
                    "type": "date"
                  }
                ],
                "compressed": false,
                "input_format": "org.apache.hadoop.hive.ql.io.parquet.MapredParquetInputFormat",
                "location": "s3://ranking-municipios-br/bronze/populacao_estimada/",
                "number_of_buckets": 0,
                "output_format": "org.apache.hadoop.hive.ql.io.parquet.MapredParquetOutputFormat",
                "parameters": null,
                "schema_reference": [],
                "ser_de_info": [
                  {
                    "name": "parquet",
                    "parameters": null,
                    "serialization_library": "org.apache.hadoop.hive.ql.io.parquet.serde.ParquetHiveSerDe"
                  }
                ],
                "skewed_info": [],
                "sort_columns": [],
                "stored_as_sub_directories": false
              }
            ],
            "table_type": "EXTERNAL_TABLE",
            "target_table": [],
            "view_expanded_text": "",
            "view_original_text": ""
          },
          "sensitive_attributes": [],
          "private": "bnVsbA==",
          "dependencies": [
            "aws_glue_catalog_database.bronze_db"
          ]
        }
      ]
    }
  ],
  "check_results": null
}
