{
  "version": 4,
  "terraform_version": "1.12.1",
  "serial": 417,
  "lineage": "84f9ec56-ac3d-bfcd-4d7d-58f86bd00110",
  "outputs": {},
  "resources": [
    {
      "mode": "managed",
      "type": "aws_athena_workgroup",
      "name": "bronze",
      "provider": "provider[\"registry.terraform.io/hashicorp/aws\"]",
      "instances": [
        {
          "schema_version": 0,
          "attributes": {
            "arn": "arn:aws:athena:us-east-2:772056227406:workgroup/bronze_workgroup",
            "configuration": [
              {
                "bytes_scanned_cutoff_per_query": 0,
                "enforce_workgroup_configuration": true,
                "engine_version": [
                  {
                    "effective_engine_version": "Athena engine version 3",
                    "selected_engine_version": "AUTO"
                  }
                ],
                "execution_role": "",
                "publish_cloudwatch_metrics_enabled": true,
                "requester_pays_enabled": false,
                "result_configuration": [
                  {
                    "acl_configuration": [],
                    "encryption_configuration": [],
                    "expected_bucket_owner": "",
                    "output_location": "s3://ranking-municipios-br/athena-results/"
                  }
                ]
              }
            ],
            "description": "",
            "force_destroy": false,
            "id": "bronze_workgroup",
            "name": "bronze_workgroup",
            "state": "ENABLED",
            "tags": {
              "Environment": "dev",
              "Project": "Ranking Municipios"
            },
            "tags_all": {
              "Environment": "dev",
              "Project": "Ranking Municipios"
            }
          },
          "sensitive_attributes": [],
          "identity_schema_version": 0,
          "private": "bnVsbA=="
        }
      ]
    },
    {
      "mode": "managed",
      "type": "aws_athena_workgroup",
      "name": "silver",
      "provider": "provider[\"registry.terraform.io/hashicorp/aws\"]",
      "instances": [
        {
          "schema_version": 0,
          "attributes": {
            "arn": "arn:aws:athena:us-east-2:772056227406:workgroup/silver_workgroup",
            "configuration": [
              {
                "bytes_scanned_cutoff_per_query": 0,
                "enforce_workgroup_configuration": true,
                "engine_version": [
                  {
                    "effective_engine_version": "Athena engine version 3",
                    "selected_engine_version": "AUTO"
                  }
                ],
                "execution_role": "",
                "publish_cloudwatch_metrics_enabled": true,
                "requester_pays_enabled": false,
                "result_configuration": [
                  {
                    "acl_configuration": [],
                    "encryption_configuration": [],
                    "expected_bucket_owner": "",
                    "output_location": "s3://ranking-municipios-br/athena-results/"
                  }
                ]
              }
            ],
            "description": "",
            "force_destroy": false,
            "id": "silver_workgroup",
            "name": "silver_workgroup",
            "state": "ENABLED",
            "tags": {
              "Environment": "dev",
              "Project": "Ranking Municipios"
            },
            "tags_all": {
              "Environment": "dev",
              "Project": "Ranking Municipios"
            }
          },
          "sensitive_attributes": [],
          "identity_schema_version": 0,
          "private": "bnVsbA=="
        }
      ]
    },
    {
      "mode": "managed",
      "type": "aws_glue_catalog_database",
      "name": "bronze_db",
      "provider": "provider[\"registry.terraform.io/hashicorp/aws\"]",
      "instances": [
        {
          "schema_version": 0,
          "attributes": {
            "arn": "arn:aws:glue:us-east-2:772056227406:database/bronze",
            "catalog_id": "772056227406",
            "create_table_default_permission": [
              {
                "permissions": [
                  "ALL"
                ],
                "principal": [
                  {
                    "data_lake_principal_identifier": "IAM_ALLOWED_PRINCIPALS"
                  }
                ]
              }
            ],
            "description": "Banco de dados do Glue para camada Bronze",
            "federated_database": [],
            "id": "772056227406:bronze",
            "location_uri": "",
            "name": "bronze",
            "parameters": {},
            "tags": {},
            "tags_all": {},
            "target_database": []
          },
          "sensitive_attributes": [],
          "identity_schema_version": 0,
          "private": "bnVsbA=="
        }
      ]
    },
    {
      "mode": "managed",
      "type": "aws_glue_catalog_database",
      "name": "silver_db",
      "provider": "provider[\"registry.terraform.io/hashicorp/aws\"]",
      "instances": [
        {
          "schema_version": 0,
          "attributes": {
            "arn": "arn:aws:glue:us-east-2:772056227406:database/silver",
            "catalog_id": "772056227406",
            "create_table_default_permission": [
              {
                "permissions": [
                  "ALL"
                ],
                "principal": [
                  {
                    "data_lake_principal_identifier": "IAM_ALLOWED_PRINCIPALS"
                  }
                ]
              }
            ],
            "description": "Banco de dados do Glue para camada Silver",
            "federated_database": [],
            "id": "772056227406:silver",
            "location_uri": "",
            "name": "silver",
            "parameters": {},
            "tags": {},
            "tags_all": {},
            "target_database": []
          },
          "sensitive_attributes": [],
          "identity_schema_version": 0,
          "private": "bnVsbA=="
        }
      ]
    },
    {
      "mode": "managed",
      "type": "aws_glue_catalog_table",
      "name": "aluguel_medio",
      "provider": "provider[\"registry.terraform.io/hashicorp/aws\"]",
      "instances": [
        {
          "schema_version": 0,
          "attributes": {
            "arn": "arn:aws:glue:us-east-2:772056227406:table/bronze/aluguel_medio",
            "catalog_id": "772056227406",
            "database_name": "bronze",
            "description": "",
            "id": "772056227406:bronze:aluguel_medio",
            "name": "aluguel_medio",
            "open_table_format_input": [],
            "owner": "",
            "parameters": {
              "classification": "parquet"
            },
            "partition_index": [],
            "partition_keys": [
              {
                "comment": "",
                "name": "data_carga",
                "type": "string"
              }
            ],
            "retention": 0,
            "storage_descriptor": [
              {
                "additional_locations": [],
                "bucket_columns": [],
                "columns": [
                  {
                    "comment": "",
                    "name": "id",
                    "parameters": {},
                    "type": "int"
                  },
                  {
                    "comment": "",
                    "name": "city",
                    "parameters": {},
                    "type": "string"
                  }
                ],
                "compressed": false,
                "input_format": "org.apache.hadoop.hive.ql.io.parquet.MapredParquetInputFormat",
                "location": "s3://ranking-municipios-br/bronze/aluguel_medio/",
                "number_of_buckets": 0,
                "output_format": "org.apache.hadoop.hive.ql.io.parquet.MapredParquetOutputFormat",
                "parameters": {},
                "schema_reference": [],
                "ser_de_info": [
                  {
                    "name": "parquet",
                    "parameters": {},
                    "serialization_library": "org.apache.hadoop.hive.ql.io.parquet.serde.ParquetHiveSerDe"
                  }
                ],
                "skewed_info": [],
                "sort_columns": [],
                "stored_as_sub_directories": false
              }
            ],
            "table_type": "EXTERNAL_TABLE",
            "target_table": [],
            "view_expanded_text": "",
            "view_original_text": ""
          },
          "sensitive_attributes": [],
          "identity_schema_version": 0,
          "private": "bnVsbA==",
          "dependencies": [
            "aws_glue_catalog_database.bronze_db"
          ]
        }
      ]
    },
    {
      "mode": "managed",
      "type": "aws_glue_catalog_table",
      "name": "aluguel_populacao",
      "provider": "provider[\"registry.terraform.io/hashicorp/aws\"]",
      "instances": [
        {
          "schema_version": 0,
          "attributes": {
            "arn": "arn:aws:glue:us-east-2:772056227406:table/silver/aluguel_populacao",
            "catalog_id": "772056227406",
            "database_name": "silver",
            "description": "",
            "id": "772056227406:silver:aluguel_populacao",
            "name": "aluguel_populacao",
            "open_table_format_input": [],
            "owner": "",
            "parameters": {
              "classification": "parquet"
            },
            "partition_index": [],
            "partition_keys": [
              {
                "comment": "",
                "name": "data_carga",
                "type": "string"
              }
            ],
            "retention": 0,
            "storage_descriptor": [
              {
                "additional_locations": [],
                "bucket_columns": [],
                "columns": [
                  {
                    "comment": "",
                    "name": "area",
                    "parameters": {},
                    "type": "int"
                  },
                  {
                    "comment": "",
                    "name": "rooms",
                    "parameters": {},
                    "type": "int"
                  },
                  {
                    "comment": "",
                    "name": "bathroom",
                    "parameters": {},
                    "type": "int"
                  },
                  {
                    "comment": "",
                    "name": "parking_spaces",
                    "parameters": {},
                    "type": "int"
                  },
                  {
                    "comment": "",
                    "name": "floor",
                    "parameters": {},
                    "type": "int"
                  },
                  {
                    "comment": "",
                    "name": "animal",
                    "parameters": {},
                    "type": "int"
                  },
                  {
                    "comment": "",
                    "name": "furniture",
                    "parameters": {},
                    "type": "int"
                  },
                  {
                    "comment": "",
                    "name": "rent_amount",
                    "parameters": {},
                    "type": "int"
                  },
                  {
                    "comment": "",
                    "name": "total",
                    "parameters": {},
                    "type": "int"
                  },
                  {
                    "comment": "",
                    "name": "city_codigo",
                    "parameters": {},
                    "type": "int"
                  },
                  {
                    "comment": "",
                    "name": "city",
                    "parameters": {},
                    "type": "string"
                  },
                  {
                    "comment": "",
                    "name": "aluguel_m2",
                    "parameters": {},
                    "type": "double"
                  },
                  {
                    "comment": "",
                    "name": "populacao",
                    "parameters": {},
                    "type": "int"
                  },
                  {
                    "comment": "",
                    "name": "aluguel_per_capita",
                    "parameters": {},
                    "type": "double"
                  }
                ],
                "compressed": false,
                "input_format": "org.apache.hadoop.hive.ql.io.parquet.MapredParquetInputFormat",
                "location": "s3://ranking-municipios-br/silver/aluguel_populacao/",
                "number_of_buckets": 0,
                "output_format": "org.apache.hadoop.hive.ql.io.parquet.MapredParquetOutputFormat",
                "parameters": {},
                "schema_reference": [],
                "ser_de_info": [
                  {
                    "name": "parquet",
                    "parameters": {},
                    "serialization_library": "org.apache.hadoop.hive.ql.io.parquet.serde.ParquetHiveSerDe"
                  }
                ],
                "skewed_info": [],
                "sort_columns": [],
                "stored_as_sub_directories": false
              }
            ],
            "table_type": "EXTERNAL_TABLE",
            "target_table": [],
            "view_expanded_text": "",
            "view_original_text": ""
          },
          "sensitive_attributes": [],
          "identity_schema_version": 0,
          "private": "bnVsbA==",
          "dependencies": [
            "aws_glue_catalog_database.silver_db"
          ]
        }
      ]
    },
    {
      "mode": "managed",
      "type": "aws_glue_catalog_table",
      "name": "cesta_basica",
      "provider": "provider[\"registry.terraform.io/hashicorp/aws\"]",
      "instances": [
        {
          "schema_version": 0,
          "attributes": {
            "arn": "arn:aws:glue:us-east-2:772056227406:table/bronze/cesta_basica",
            "catalog_id": "772056227406",
            "database_name": "bronze",
            "description": "",
            "id": "772056227406:bronze:cesta_basica",
            "name": "cesta_basica",
            "open_table_format_input": [],
            "owner": "",
            "parameters": {
              "classification": "parquet"
            },
            "partition_index": [],
            "partition_keys": [
              {
                "comment": "",
                "name": "data_carga",
                "type": "string"
              }
            ],
            "retention": 0,
            "storage_descriptor": [
              {
                "additional_locations": [],
                "bucket_columns": [],
                "columns": [
                  {
                    "comment": "",
                    "name": "data_mes",
                    "parameters": {},
                    "type": "string"
                  }
                ],
                "compressed": false,
                "input_format": "org.apache.hadoop.hive.ql.io.parquet.MapredParquetInputFormat",
                "location": "s3://ranking-municipios-br/bronze/dieese/cesta_basica/",
                "number_of_buckets": 0,
                "output_format": "org.apache.hadoop.hive.ql.io.parquet.MapredParquetOutputFormat",
                "parameters": {},
                "schema_reference": [],
                "ser_de_info": [
                  {
                    "name": "parquet",
                    "parameters": {},
                    "serialization_library": "org.apache.hadoop.hive.ql.io.parquet.serde.ParquetHiveSerDe"
                  }
                ],
                "skewed_info": [],
                "sort_columns": [],
                "stored_as_sub_directories": false
              }
            ],
            "table_type": "EXTERNAL_TABLE",
            "target_table": [],
            "view_expanded_text": "",
            "view_original_text": ""
          },
          "sensitive_attributes": [],
          "identity_schema_version": 0,
          "private": "bnVsbA==",
          "dependencies": [
            "aws_glue_catalog_database.bronze_db"
          ]
        }
      ]
    },
    {
      "mode": "managed",
      "type": "aws_glue_catalog_table",
      "name": "cesta_basica_full",
      "provider": "provider[\"registry.terraform.io/hashicorp/aws\"]",
      "instances": [
        {
          "schema_version": 0,
          "attributes": {
            "arn": "arn:aws:glue:us-east-2:772056227406:table/silver/cesta_basica_full",
            "catalog_id": "772056227406",
            "database_name": "silver",
            "description": "",
            "id": "772056227406:silver:cesta_basica_full",
            "name": "cesta_basica_full",
            "open_table_format_input": [],
            "owner": "",
            "parameters": {
              "classification": "parquet"
            },
            "partition_index": [],
            "partition_keys": [
              {
                "comment": "",
                "name": "data_carga",
                "type": "string"
              }
            ],
            "retention": 0,
            "storage_descriptor": [
              {
                "additional_locations": [],
                "bucket_columns": [],
                "columns": [
                  {
                    "comment": "",
                    "name": "city_code",
                    "parameters": {},
                    "type": "double"
                  },
                  {
                    "comment": "",
                    "name": "cidade",
                    "parameters": {},
                    "type": "string"
                  },
                  {
                    "comment": "",
                    "name": "uf",
                    "parameters": {},
                    "type": "string"
                  },
                  {
                    "comment": "",
                    "name": "valor",
                    "parameters": {},
                    "type": "double"
                  },
                  {
                    "comment": "",
                    "name": "cod_municipio",
                    "parameters": {},
                    "type": "bigint"
                  },
                  {
                    "comment": "",
                    "name": "populacao",
                    "parameters": {},
                    "type": "bigint"
                  },
                  {
                    "comment": "",
                    "name": "estado",
                    "parameters": {},
                    "type": "string"
                  }
                ],
                "compressed": false,
                "input_format": "org.apache.hadoop.hive.ql.io.parquet.MapredParquetInputFormat",
                "location": "s3://ranking-municipios-br/silver/cesta_basica_full/",
                "number_of_buckets": 0,
                "output_format": "org.apache.hadoop.hive.ql.io.parquet.MapredParquetOutputFormat",
                "parameters": {},
                "schema_reference": [],
                "ser_de_info": [
                  {
                    "name": "parquet",
                    "parameters": {},
                    "serialization_library": "org.apache.hadoop.hive.ql.io.parquet.serde.ParquetHiveSerDe"
                  }
                ],
                "skewed_info": [],
                "sort_columns": [],
                "stored_as_sub_directories": false
              }
            ],
            "table_type": "EXTERNAL_TABLE",
            "target_table": [],
            "view_expanded_text": "",
            "view_original_text": ""
          },
          "sensitive_attributes": [],
          "identity_schema_version": 0,
          "private": "bnVsbA==",
          "dependencies": [
            "aws_glue_catalog_database.silver_db"
          ]
        }
      ]
    },
    {
      "mode": "managed",
      "type": "aws_glue_catalog_table",
      "name": "populacao_estimada_municipios",
      "provider": "provider[\"registry.terraform.io/hashicorp/aws\"]",
      "instances": [
        {
          "schema_version": 0,
          "attributes": {
            "arn": "arn:aws:glue:us-east-2:772056227406:table/bronze/populacao_estimada_municipios",
            "catalog_id": "772056227406",
            "database_name": "bronze",
            "description": "",
            "id": "772056227406:bronze:populacao_estimada_municipios",
            "name": "populacao_estimada_municipios",
            "open_table_format_input": [],
            "owner": "",
            "parameters": {
              "classification": "parquet"
            },
            "partition_index": [],
            "partition_keys": [
              {
                "comment": "",
                "name": "data_carga",
                "type": "string"
              }
            ],
            "retention": 0,
            "storage_descriptor": [
              {
                "additional_locations": [],
                "bucket_columns": [],
                "columns": [
                  {
                    "comment": "",
                    "name": "uf",
                    "parameters": {},
                    "type": "string"
                  },
                  {
                    "comment": "",
                    "name": "cod_uf",
                    "parameters": {},
                    "type": "int"
                  },
                  {
                    "comment": "",
                    "name": "cod_municipio",
                    "parameters": {},
                    "type": "int"
                  },
                  {
                    "comment": "",
                    "name": "municipio",
                    "parameters": {},
                    "type": "string"
                  },
                  {
                    "comment": "",
                    "name": "populacao",
                    "parameters": {},
                    "type": "int"
                  }
                ],
                "compressed": false,
                "input_format": "org.apache.hadoop.hive.ql.io.parquet.MapredParquetInputFormat",
                "location": "s3://ranking-municipios-br/bronze/ibge/populacao_estimada/municipios/",
                "number_of_buckets": 0,
                "output_format": "org.apache.hadoop.hive.ql.io.parquet.MapredParquetOutputFormat",
                "parameters": {},
                "schema_reference": [],
                "ser_de_info": [
                  {
                    "name": "parquet",
                    "parameters": {},
                    "serialization_library": "org.apache.hadoop.hive.ql.io.parquet.serde.ParquetHiveSerDe"
                  }
                ],
                "skewed_info": [],
                "sort_columns": [],
                "stored_as_sub_directories": false
              }
            ],
            "table_type": "EXTERNAL_TABLE",
            "target_table": [],
            "view_expanded_text": "",
            "view_original_text": ""
          },
          "sensitive_attributes": [],
          "identity_schema_version": 0,
          "private": "bnVsbA==",
          "dependencies": [
            "aws_glue_catalog_database.bronze_db"
          ]
        }
      ]
    },
    {
      "mode": "managed",
      "type": "aws_glue_catalog_table",
      "name": "populacao_estimada_uf",
      "provider": "provider[\"registry.terraform.io/hashicorp/aws\"]",
      "instances": [
        {
          "schema_version": 0,
          "attributes": {
            "arn": "arn:aws:glue:us-east-2:772056227406:table/bronze/populacao_estimada_uf",
            "catalog_id": "772056227406",
            "database_name": "bronze",
            "description": "",
            "id": "772056227406:bronze:populacao_estimada_uf",
            "name": "populacao_estimada_uf",
            "open_table_format_input": [],
            "owner": "",
            "parameters": {
              "classification": "parquet"
            },
            "partition_index": [],
            "partition_keys": [
              {
                "comment": "",
                "name": "data_carga",
                "type": "string"
              }
            ],
            "retention": 0,
            "storage_descriptor": [
              {
                "additional_locations": [],
                "bucket_columns": [],
                "columns": [
                  {
                    "comment": "",
                    "name": "unidade_federativa",
                    "parameters": {},
                    "type": "string"
                  },
                  {
                    "comment": "",
                    "name": "populacao",
                    "parameters": {},
                    "type": "int"
                  }
                ],
                "compressed": false,
                "input_format": "org.apache.hadoop.hive.ql.io.parquet.MapredParquetInputFormat",
                "location": "s3://ranking-municipios-br/bronze/ibge/populacao_estimada/brasil_uf/",
                "number_of_buckets": 0,
                "output_format": "org.apache.hadoop.hive.ql.io.parquet.MapredParquetOutputFormat",
                "parameters": {},
                "schema_reference": [],
                "ser_de_info": [
                  {
                    "name": "parquet",
                    "parameters": {},
                    "serialization_library": "org.apache.hadoop.hive.ql.io.parquet.serde.ParquetHiveSerDe"
                  }
                ],
                "skewed_info": [],
                "sort_columns": [],
                "stored_as_sub_directories": false
              }
            ],
            "table_type": "EXTERNAL_TABLE",
            "target_table": [],
            "view_expanded_text": "",
            "view_original_text": ""
          },
          "sensitive_attributes": [],
          "identity_schema_version": 0,
          "private": "bnVsbA==",
          "dependencies": [
            "aws_glue_catalog_database.bronze_db"
          ]
        }
      ]
    }
  ],
  "check_results": null
}
